// !$*UTF8*$!
{
	archiveVersion = 1;
	classes = {
	};
	objectVersion = 48;
	objects = {

/* Begin PBXBuildFile section */
		267961A320D3DF8100CE7055 /* Move.swift in Sources */ = {isa = PBXBuildFile; fileRef = 267961A220D3DF8100CE7055 /* Move.swift */; };
		267961A520D3DFEB00CE7055 /* MoveType.swift in Sources */ = {isa = PBXBuildFile; fileRef = 267961A420D3DFEB00CE7055 /* MoveType.swift */; };
		268088E620BC563200A170E6 /* Game.swift in Sources */ = {isa = PBXBuildFile; fileRef = 268088E520BC563200A170E6 /* Game.swift */; };
		2680A47720D16EDE00C07353 /* Player.swift in Sources */ = {isa = PBXBuildFile; fileRef = 2680A47620D16EDD00C07353 /* Player.swift */; };
		2680A47D20D2CFEC00C07353 /* CPU.swift in Sources */ = {isa = PBXBuildFile; fileRef = 2680A47C20D2CFEC00C07353 /* CPU.swift */; };
		2697FBE820A1DD6C00829010 /* Card.swift in Sources */ = {isa = PBXBuildFile; fileRef = 2697FBE720A1DD6C00829010 /* Card.swift */; };
		2697FBEC20A1DFC500829010 /* Rank.swift in Sources */ = {isa = PBXBuildFile; fileRef = 2697FBEB20A1DFC500829010 /* Rank.swift */; };
		2697FBEE20A1DFDD00829010 /* Suit.swift in Sources */ = {isa = PBXBuildFile; fileRef = 2697FBED20A1DFDD00829010 /* Suit.swift */; };
		2697FBF120A1E0EE00829010 /* Deck.swift in Sources */ = {isa = PBXBuildFile; fileRef = 2697FBF020A1E0EE00829010 /* Deck.swift */; };
		2697FBF420A1E19C00829010 /* Fisher-Yates_Shuffle.swift in Sources */ = {isa = PBXBuildFile; fileRef = 2697FBF320A1E19C00829010 /* Fisher-Yates_Shuffle.swift */; };
		2697FBF620A1E1CE00829010 /* random.swift in Sources */ = {isa = PBXBuildFile; fileRef = 2697FBF520A1E1CE00829010 /* random.swift */; };
		26BBA1DF2057CF49005F4ACF /* AppDelegate.swift in Sources */ = {isa = PBXBuildFile; fileRef = 26BBA1DE2057CF49005F4ACF /* AppDelegate.swift */; };
		26BBA1E12057CF49005F4ACF /* ViewController.swift in Sources */ = {isa = PBXBuildFile; fileRef = 26BBA1E02057CF49005F4ACF /* ViewController.swift */; };
		26BBA1E42057CF49005F4ACF /* Main.storyboard in Resources */ = {isa = PBXBuildFile; fileRef = 26BBA1E22057CF49005F4ACF /* Main.storyboard */; };
		26BBA1E62057CF49005F4ACF /* Assets.xcassets in Resources */ = {isa = PBXBuildFile; fileRef = 26BBA1E52057CF49005F4ACF /* Assets.xcassets */; };
/* End PBXBuildFile section */

/* Begin PBXFileReference section */
		267961A220D3DF8100CE7055 /* Move.swift */ = {isa = PBXFileReference; lastKnownFileType = sourcecode.swift; path = Move.swift; sourceTree = "<group>"; };
		267961A420D3DFEB00CE7055 /* MoveType.swift */ = {isa = PBXFileReference; lastKnownFileType = sourcecode.swift; path = MoveType.swift; sourceTree = "<group>"; };
		268088E520BC563200A170E6 /* Game.swift */ = {isa = PBXFileReference; lastKnownFileType = sourcecode.swift; path = Game.swift; sourceTree = "<group>"; };
		2680A47620D16EDD00C07353 /* Player.swift */ = {isa = PBXFileReference; lastKnownFileType = sourcecode.swift; path = Player.swift; sourceTree = "<group>"; };
		2680A47C20D2CFEC00C07353 /* CPU.swift */ = {isa = PBXFileReference; lastKnownFileType = sourcecode.swift; path = CPU.swift; sourceTree = "<group>"; };
		2697FBE720A1DD6C00829010 /* Card.swift */ = {isa = PBXFileReference; lastKnownFileType = sourcecode.swift; path = Card.swift; sourceTree = "<group>"; };
		2697FBEB20A1DFC500829010 /* Rank.swift */ = {isa = PBXFileReference; lastKnownFileType = sourcecode.swift; path = Rank.swift; sourceTree = "<group>"; };
		2697FBED20A1DFDD00829010 /* Suit.swift */ = {isa = PBXFileReference; lastKnownFileType = sourcecode.swift; path = Suit.swift; sourceTree = "<group>"; };
		2697FBF020A1E0EE00829010 /* Deck.swift */ = {isa = PBXFileReference; lastKnownFileType = sourcecode.swift; path = Deck.swift; sourceTree = "<group>"; };
		2697FBF320A1E19C00829010 /* Fisher-Yates_Shuffle.swift */ = {isa = PBXFileReference; lastKnownFileType = sourcecode.swift; path = "Fisher-Yates_Shuffle.swift"; sourceTree = "<group>"; };
		2697FBF520A1E1CE00829010 /* random.swift */ = {isa = PBXFileReference; lastKnownFileType = sourcecode.swift; path = random.swift; sourceTree = "<group>"; };
		26BBA1DB2057CF49005F4ACF /* Durak.app */ = {isa = PBXFileReference; explicitFileType = wrapper.application; includeInIndex = 0; path = Durak.app; sourceTree = BUILT_PRODUCTS_DIR; };
		26BBA1DE2057CF49005F4ACF /* AppDelegate.swift */ = {isa = PBXFileReference; lastKnownFileType = sourcecode.swift; path = AppDelegate.swift; sourceTree = "<group>"; };
		26BBA1E02057CF49005F4ACF /* ViewController.swift */ = {isa = PBXFileReference; lastKnownFileType = sourcecode.swift; path = ViewController.swift; sourceTree = "<group>"; };
		26BBA1E32057CF49005F4ACF /* Base */ = {isa = PBXFileReference; lastKnownFileType = file.storyboard; name = Base; path = Base.lproj/Main.storyboard; sourceTree = "<group>"; };
		26BBA1E52057CF49005F4ACF /* Assets.xcassets */ = {isa = PBXFileReference; lastKnownFileType = folder.assetcatalog; path = Assets.xcassets; sourceTree = "<group>"; };
		26BBA1EA2057CF49005F4ACF /* Info.plist */ = {isa = PBXFileReference; lastKnownFileType = text.plist.xml; path = Info.plist; sourceTree = "<group>"; };
/* End PBXFileReference section */

/* Begin PBXFrameworksBuildPhase section */
		26BBA1D82057CF49005F4ACF /* Frameworks */ = {
			isa = PBXFrameworksBuildPhase;
			buildActionMask = 2147483647;
			files = (
			);
			runOnlyForDeploymentPostprocessing = 0;
		};
/* End PBXFrameworksBuildPhase section */

/* Begin PBXGroup section */
		2697FBEF20A1E01E00829010 /* Deck */ = {
			isa = PBXGroup;
			children = (
				2697FBF020A1E0EE00829010 /* Deck.swift */,
				2697FBEB20A1DFC500829010 /* Rank.swift */,
				2697FBED20A1DFDD00829010 /* Suit.swift */,
				2697FBE720A1DD6C00829010 /* Card.swift */,
			);
			path = Deck;
			sourceTree = "<group>";
		};
		2697FBF220A1E18500829010 /* Deal */ = {
			isa = PBXGroup;
			children = (
				2697FBF320A1E19C00829010 /* Fisher-Yates_Shuffle.swift */,
				2697FBF520A1E1CE00829010 /* random.swift */,
			);
			path = Deal;
			sourceTree = "<group>";
		};
		26BBA1D22057CF49005F4ACF = {
			isa = PBXGroup;
			children = (
				26BBA1DD2057CF49005F4ACF /* Durak */,
				26BBA1DC2057CF49005F4ACF /* Products */,
			);
			sourceTree = "<group>";
		};
		26BBA1DC2057CF49005F4ACF /* Products */ = {
			isa = PBXGroup;
			children = (
				26BBA1DB2057CF49005F4ACF /* Durak.app */,
			);
			name = Products;
			sourceTree = "<group>";
		};
		26BBA1DD2057CF49005F4ACF /* Durak */ = {
			isa = PBXGroup;
			children = (
				2697FBF220A1E18500829010 /* Deal */,
				2697FBEF20A1E01E00829010 /* Deck */,
				26BBA1DE2057CF49005F4ACF /* AppDelegate.swift */,
				26BBA1E02057CF49005F4ACF /* ViewController.swift */,
				268088E520BC563200A170E6 /* Game.swift */,
				267961A220D3DF8100CE7055 /* Move.swift */,
				267961A420D3DFEB00CE7055 /* MoveType.swift */,
				2680A47620D16EDD00C07353 /* Player.swift */,
				2680A47C20D2CFEC00C07353 /* CPU.swift */,
				26BBA1E22057CF49005F4ACF /* Main.storyboard */,
				26BBA1E52057CF49005F4ACF /* Assets.xcassets */,
				26BBA1EA2057CF49005F4ACF /* Info.plist */,
			);
			path = Durak;
			sourceTree = "<group>";
		};
/* End PBXGroup section */

/* Begin PBXNativeTarget section */
		26BBA1DA2057CF49005F4ACF /* Durak */ = {
			isa = PBXNativeTarget;
			buildConfigurationList = 26BBA1ED2057CF49005F4ACF /* Build configuration list for PBXNativeTarget "Durak" */;
			buildPhases = (
				26BBA1D72057CF49005F4ACF /* Sources */,
				26BBA1D82057CF49005F4ACF /* Frameworks */,
				26BBA1D92057CF49005F4ACF /* Resources */,
			);
			buildRules = (
			);
			dependencies = (
			);
			name = Durak;
			productName = Durak;
			productReference = 26BBA1DB2057CF49005F4ACF /* Durak.app */;
			productType = "com.apple.product-type.application";
		};
/* End PBXNativeTarget section */

/* Begin PBXProject section */
		26BBA1D32057CF49005F4ACF /* Project object */ = {
			isa = PBXProject;
			attributes = {
				LastSwiftUpdateCheck = 0920;
				LastUpgradeCheck = 0920;
				ORGANIZATIONNAME = "Caroline Berger";
				TargetAttributes = {
					26BBA1DA2057CF49005F4ACF = {
						CreatedOnToolsVersion = 9.2;
						ProvisioningStyle = Automatic;
					};
				};
			};
			buildConfigurationList = 26BBA1D62057CF49005F4ACF /* Build configuration list for PBXProject "Durak" */;
			compatibilityVersion = "Xcode 8.0";
			developmentRegion = en;
			hasScannedForEncodings = 0;
			knownRegions = (
				en,
				Base,
			);
			mainGroup = 26BBA1D22057CF49005F4ACF;
			productRefGroup = 26BBA1DC2057CF49005F4ACF /* Products */;
			projectDirPath = "";
			projectRoot = "";
			targets = (
				26BBA1DA2057CF49005F4ACF /* Durak */,
			);
		};
/* End PBXProject section */

/* Begin PBXResourcesBuildPhase section */
		26BBA1D92057CF49005F4ACF /* Resources */ = {
			isa = PBXResourcesBuildPhase;
			buildActionMask = 2147483647;
			files = (
				26BBA1E62057CF49005F4ACF /* Assets.xcassets in Resources */,
				26BBA1E42057CF49005F4ACF /* Main.storyboard in Resources */,
			);
			runOnlyForDeploymentPostprocessing = 0;
		};
/* End PBXResourcesBuildPhase section */

/* Begin PBXSourcesBuildPhase section */
		26BBA1D72057CF49005F4ACF /* Sources */ = {
			isa = PBXSourcesBuildPhase;
			buildActionMask = 2147483647;
			files = (
				2680A47D20D2CFEC00C07353 /* CPU.swift in Sources */,
				2680A47720D16EDE00C07353 /* Player.swift in Sources */,
				2697FBF120A1E0EE00829010 /* Deck.swift in Sources */,
				267961A320D3DF8100CE7055 /* Move.swift in Sources */,
				268088E620BC563200A170E6 /* Game.swift in Sources */,
				26BBA1E12057CF49005F4ACF /* ViewController.swift in Sources */,
				267961A520D3DFEB00CE7055 /* MoveType.swift in Sources */,
				2697FBE820A1DD6C00829010 /* Card.swift in Sources */,
				2697FBEC20A1DFC500829010 /* Rank.swift in Sources */,
				2697FBF420A1E19C00829010 /* Fisher-Yates_Shuffle.swift in Sources */,
				2697FBEE20A1DFDD00829010 /* Suit.swift in Sources */,
				26BBA1DF2057CF49005F4ACF /* AppDelegate.swift in Sources */,
				2697FBF620A1E1CE00829010 /* random.swift in Sources */,
			);
			runOnlyForDeploymentPostprocessing = 0;
		};
/* End PBXSourcesBuildPhase section */

/* Begin PBXVariantGroup section */
		26BBA1E22057CF49005F4ACF /* Main.storyboard */ = {
			isa = PBXVariantGroup;
			children = (
				26BBA1E32057CF49005F4ACF /* Base */,
			);
			name = Main.storyboard;
			sourceTree = "<group>";
		};
/* End PBXVariantGroup section */

/* Begin XCBuildConfiguration section */
		26BBA1EB2057CF49005F4ACF /* Debug */ = {
			isa = XCBuildConfiguration;
			buildSettings = {
				ALWAYS_SEARCH_USER_PATHS = NO;
				CLANG_ANALYZER_NONNULL = YES;
				CLANG_ANALYZER_NUMBER_OBJECT_CONVERSION = YES_AGGRESSIVE;
				CLANG_CXX_LANGUAGE_STANDARD = "gnu++14";
				CLANG_CXX_LIBRARY = "libc++";
				CLANG_ENABLE_MODULES = YES;
				CLANG_ENABLE_OBJC_ARC = YES;
				CLANG_WARN_BLOCK_CAPTURE_AUTORELEASING = YES;
				CLANG_WARN_BOOL_CONVERSION = YES;
				CLANG_WARN_COMMA = YES;
				CLANG_WARN_CONSTANT_CONVERSION = YES;
				CLANG_WARN_DIRECT_OBJC_ISA_USAGE = YES_ERROR;
				CLANG_WARN_DOCUMENTATION_COMMENTS = YES;
				CLANG_WARN_EMPTY_BODY = YES;
				CLANG_WARN_ENUM_CONVERSION = YES;
				CLANG_WARN_INFINITE_RECURSION = YES;
				CLANG_WARN_INT_CONVERSION = YES;
				CLANG_WARN_NON_LITERAL_NULL_CONVERSION = YES;
				CLANG_WARN_OBJC_LITERAL_CONVERSION = YES;
				CLANG_WARN_OBJC_ROOT_CLASS = YES_ERROR;
				CLANG_WARN_RANGE_LOOP_ANALYSIS = YES;
				CLANG_WARN_STRICT_PROTOTYPES = YES;
				CLANG_WARN_SUSPICIOUS_MOVE = YES;
				CLANG_WARN_UNGUARDED_AVAILABILITY = YES_AGGRESSIVE;
				CLANG_WARN_UNREACHABLE_CODE = YES;
				CLANG_WARN__DUPLICATE_METHOD_MATCH = YES;
				CODE_SIGN_IDENTITY = "iPhone Developer";
				COPY_PHASE_STRIP = NO;
				DEBUG_INFORMATION_FORMAT = dwarf;
				ENABLE_STRICT_OBJC_MSGSEND = YES;
				ENABLE_TESTABILITY = YES;
				GCC_C_LANGUAGE_STANDARD = gnu11;
				GCC_DYNAMIC_NO_PIC = NO;
				GCC_NO_COMMON_BLOCKS = YES;
				GCC_OPTIMIZATION_LEVEL = 0;
				GCC_PREPROCESSOR_DEFINITIONS = (
					"DEBUG=1",
					"$(inherited)",
				);
				GCC_WARN_64_TO_32_BIT_CONVERSION = YES;
				GCC_WARN_ABOUT_RETURN_TYPE = YES_ERROR;
				GCC_WARN_UNDECLARED_SELECTOR = YES;
				GCC_WARN_UNINITIALIZED_AUTOS = YES_AGGRESSIVE;
				GCC_WARN_UNUSED_FUNCTION = YES;
				GCC_WARN_UNUSED_VARIABLE = YES;
				IPHONEOS_DEPLOYMENT_TARGET = 11.2;
				MTL_ENABLE_DEBUG_INFO = YES;
				ONLY_ACTIVE_ARCH = YES;
				SDKROOT = iphoneos;
				SWIFT_ACTIVE_COMPILATION_CONDITIONS = DEBUG;
				SWIFT_OPTIMIZATION_LEVEL = "-Onone";
			};
			name = Debug;
		};
		26BBA1EC2057CF49005F4ACF /* Release */ = {
			isa = XCBuildConfiguration;
			buildSettings = {
				ALWAYS_SEARCH_USER_PATHS = NO;
				CLANG_ANALYZER_NONNULL = YES;
				CLANG_ANALYZER_NUMBER_OBJECT_CONVERSION = YES_AGGRESSIVE;
				CLANG_CXX_LANGUAGE_STANDARD = "gnu++14";
				CLANG_CXX_LIBRARY = "libc++";
				CLANG_ENABLE_MODULES = YES;
				CLANG_ENABLE_OBJC_ARC = YES;
				CLANG_WARN_BLOCK_CAPTURE_AUTORELEASING = YES;
				CLANG_WARN_BOOL_CONVERSION = YES;
				CLANG_WARN_COMMA = YES;
				CLANG_WARN_CONSTANT_CONVERSION = YES;
				CLANG_WARN_DIRECT_OBJC_ISA_USAGE = YES_ERROR;
				CLANG_WARN_DOCUMENTATION_COMMENTS = YES;
				CLANG_WARN_EMPTY_BODY = YES;
				CLANG_WARN_ENUM_CONVERSION = YES;
				CLANG_WARN_INFINITE_RECURSION = YES;
				CLANG_WARN_INT_CONVERSION = YES;
				CLANG_WARN_NON_LITERAL_NULL_CONVERSION = YES;
				CLANG_WARN_OBJC_LITERAL_CONVERSION = YES;
				CLANG_WARN_OBJC_ROOT_CLASS = YES_ERROR;
				CLANG_WARN_RANGE_LOOP_ANALYSIS = YES;
				CLANG_WARN_STRICT_PROTOTYPES = YES;
				CLANG_WARN_SUSPICIOUS_MOVE = YES;
				CLANG_WARN_UNGUARDED_AVAILABILITY = YES_AGGRESSIVE;
				CLANG_WARN_UNREACHABLE_CODE = YES;
				CLANG_WARN__DUPLICATE_METHOD_MATCH = YES;
				CODE_SIGN_IDENTITY = "iPhone Developer";
				COPY_PHASE_STRIP = NO;
				DEBUG_INFORMATION_FORMAT = "dwarf-with-dsym";
				ENABLE_NS_ASSERTIONS = NO;
				ENABLE_STRICT_OBJC_MSGSEND = YES;
				GCC_C_LANGUAGE_STANDARD = gnu11;
				GCC_NO_COMMON_BLOCKS = YES;
				GCC_WARN_64_TO_32_BIT_CONVERSION = YES;
				GCC_WARN_ABOUT_RETURN_TYPE = YES_ERROR;
				GCC_WARN_UNDECLARED_SELECTOR = YES;
				GCC_WARN_UNINITIALIZED_AUTOS = YES_AGGRESSIVE;
				GCC_WARN_UNUSED_FUNCTION = YES;
				GCC_WARN_UNUSED_VARIABLE = YES;
				IPHONEOS_DEPLOYMENT_TARGET = 11.2;
				MTL_ENABLE_DEBUG_INFO = NO;
				SDKROOT = iphoneos;
				SWIFT_OPTIMIZATION_LEVEL = "-Owholemodule";
				VALIDATE_PRODUCT = YES;
			};
			name = Release;
		};
		26BBA1EE2057CF49005F4ACF /* Debug */ = {
			isa = XCBuildConfiguration;
			buildSettings = {
				ASSETCATALOG_COMPILER_APPICON_NAME = AppIcon;
				CODE_SIGN_STYLE = Automatic;
				INFOPLIST_FILE = Durak/Info.plist;
				LD_RUNPATH_SEARCH_PATHS = "$(inherited) @executable_path/Frameworks";
				PRODUCT_BUNDLE_IDENTIFIER = it.unibo.cs.lam2018.carolineberger.Durak;
				PRODUCT_NAME = "$(TARGET_NAME)";
				SWIFT_VERSION = 4.0;
				TARGETED_DEVICE_FAMILY = "1,2";
			};
			name = Debug;
		};
		26BBA1EF2057CF49005F4ACF /* Release */ = {
			isa = XCBuildConfiguration;
			buildSettings = {
				ASSETCATALOG_COMPILER_APPICON_NAME = AppIcon;
				CODE_SIGN_STYLE = Automatic;
				INFOPLIST_FILE = Durak/Info.plist;
				LD_RUNPATH_SEARCH_PATHS = "$(inherited) @executable_path/Frameworks";
				PRODUCT_BUNDLE_IDENTIFIER = it.unibo.cs.lam2018.carolineberger.Durak;
				PRODUCT_NAME = "$(TARGET_NAME)";
				SWIFT_VERSION = 4.0;
				TARGETED_DEVICE_FAMILY = "1,2";
			};
			name = Release;
		};
/* End XCBuildConfiguration section */

/* Begin XCConfigurationList section */
		26BBA1D62057CF49005F4ACF /* Build configuration list for PBXProject "Durak" */ = {
			isa = XCConfigurationList;
			buildConfigurations = (
				26BBA1EB2057CF49005F4ACF /* Debug */,
				26BBA1EC2057CF49005F4ACF /* Release */,
			);
			defaultConfigurationIsVisible = 0;
			defaultConfigurationName = Release;
		};
		26BBA1ED2057CF49005F4ACF /* Build configuration list for PBXNativeTarget "Durak" */ = {
			isa = XCConfigurationList;
			buildConfigurations = (
				26BBA1EE2057CF49005F4ACF /* Debug */,
				26BBA1EF2057CF49005F4ACF /* Release */,
			);
			defaultConfigurationIsVisible = 0;
			defaultConfigurationName = Release;
		};
/* End XCConfigurationList section */
	};
	rootObject = 26BBA1D32057CF49005F4ACF /* Project object */;
}
